# THIS IS AN AUTOGENERATED FILE. DO NOT EDIT THIS FILE DIRECTLY.
# yarn lockfile v1


"@accelbyte/sdk-basic@6.0.1":
  version "6.0.1"
  resolved "https://registry.yarnpkg.com/@accelbyte/sdk-basic/-/sdk-basic-6.0.1.tgz#2c71a2e98b6538a35bbb6f71ff8118e03ec71d3e"
  integrity sha512-QYx3sbuVbzwFAMas1YJIiqc4E2g5vpqgTtNheQrgpvACIG5rCKc93z5AMqqVCXVk/E+E+1C2tAd99Nw/XdhUrQ==
  dependencies:
    "@accelbyte/validator" "0.2.23"
    axios "1.7.7"
    buffer "6.0.3"
    crypto-js "4.1.1"
    platform "1.3.6"
    uuid "8.3.2"
    validator "13.7.0"
    zod "3.23.8"

"@accelbyte/sdk-cloudsave@6.0.1":
  version "6.0.1"
  resolved "https://registry.yarnpkg.com/@accelbyte/sdk-cloudsave/-/sdk-cloudsave-6.0.1.tgz#745fa3b259caa37af8cb2d61817966e776382005"
  integrity sha512-MXpUTQafyu0TW2q/0bZWSwnzhet5e0ThaDRuZ+DpJovvt7pUKelXFCS2R4FoZYe6m2RKYLWRwJc/DNlVo2y5AQ==
  dependencies:
    "@accelbyte/validator" "0.2.23"
    axios "1.7.7"
    buffer "6.0.3"
    crypto-js "4.1.1"
    platform "1.3.6"
    uuid "8.3.2"
    validator "13.7.0"
    zod "3.23.8"

"@accelbyte/sdk-iam@6.0.1":
  version "6.0.1"
  resolved "https://registry.yarnpkg.com/@accelbyte/sdk-iam/-/sdk-iam-6.0.1.tgz#fddd4ababc47a5f21e96dd7d1290000e0d303268"
  integrity sha512-7iqhJBU6HkKfdzpk5ID1DDLe1qu4koESsSM8HYAyGUN2mZwKpgRH13wrprRiyAOWwim2IC92ZIM5IHl+xdtebg==
  dependencies:
    "@accelbyte/validator" "0.2.23"
    axios "1.7.7"
    buffer "6.0.3"
    crypto-js "4.1.1"
    platform "1.3.6"
    uuid "8.3.2"
    validator "13.7.0"
    zod "3.23.8"

"@accelbyte/sdk-legal@6.0.1":
  version "6.0.1"
  resolved "https://registry.yarnpkg.com/@accelbyte/sdk-legal/-/sdk-legal-6.0.1.tgz#5358e35770ada0ba5f13a3e0ce51f77937e1940a"
  integrity sha512-aFdRNee/XtxKR7tls312W3WKdAzCS165xzx6a7Qx5zidhxd54FiZZr6iu3MOfqHnkA/py6nV8HsgCPuOwOz8Xg==
  dependencies:
    "@accelbyte/sdk-iam" "6.0.1"
    "@accelbyte/validator" "0.2.23"
    axios "1.7.7"
    buffer "6.0.3"
    crypto-js "4.1.1"
    dompurify "3.0.5"
    platform "1.3.6"
    uuid "8.3.2"
    validator "13.7.0"
    zod "3.23.8"

"@accelbyte/sdk-lobby@0.0.0-rc-20241029073859":
  version "0.0.0-rc-20241029073859"
  resolved "https://registry.yarnpkg.com/@accelbyte/sdk-lobby/-/sdk-lobby-0.0.0-rc-20241029073859.tgz#0a9345a43a2ccee52a3d76b675f0f90bdaaaa538"
  integrity sha512-8U8qJswdAdEPAlfdnH/hEVjUNzAkcqYC/6KJcmaEsbTumerVYxbpMubld33Mwfa3rDQnPF2DbXwk7gExMNxdcQ==
  dependencies:
    "@accelbyte/validator" "0.0.0-rc-20241029073859"
    axios "1.7.7"
    buffer "6.0.3"
    crypto-js "4.1.1"
    platform "1.3.6"
    uuid "8.3.2"
    validator "13.7.0"
    zod "3.23.8"

"@accelbyte/sdk-matchmaking@^5.1.0":
  version "5.1.0"
  resolved "https://registry.yarnpkg.com/@accelbyte/sdk-matchmaking/-/sdk-matchmaking-5.1.0.tgz#cd4ead8bcb39404f42aec33f8f8ab83e373ac56d"
  integrity sha512-ISRPeCkhU8j2vb8JHMu1p7h6AE/FDbiHQhv9EdBSWfNpIvDDhmDN+e4m8hpEoDW3mUP9qd2RJDzOKTdAH10r/Q==
  dependencies:
    "@accelbyte/validator" "0.2.27"
    axios "1.7.7"
    buffer "6.0.3"
    crypto-js "4.2.0"
    platform "1.3.6"
    uuid "8.3.2"
    validator "13.7.0"
    zod "3.23.8"

"@accelbyte/sdk-platform@6.0.1":
  version "6.0.1"
  resolved "https://registry.yarnpkg.com/@accelbyte/sdk-platform/-/sdk-platform-6.0.1.tgz#f615c8c5c4f9d98a983f6ace963bda3c5c42fc5b"
  integrity sha512-HaMnyxX6InZD5zzOHeVZ52he9pINY+izyyRDBMK6MbDwcmSriU7XFzKeTvYKnrCFXBo1RDkDtwAXrpBzYeBBQQ==
  dependencies:
    "@accelbyte/validator" "0.2.23"
    axios "1.7.7"
    buffer "6.0.3"
    crypto-js "4.1.1"
    platform "1.3.6"
    uuid "8.3.2"
    validator "13.7.0"
    zod "3.23.8"

"@accelbyte/sdk-session@^5.1.0":
  version "5.1.0"
  resolved "https://registry.yarnpkg.com/@accelbyte/sdk-session/-/sdk-session-5.1.0.tgz#0d37e46ac7d76f4a87b28fb2696223f3e5a64edc"
  integrity sha512-MEKSalF62Vx0ftcYiGf8mmClVjue4IZU/CxQennFinIol31E3YEglkwbtsf+PwOxp2DZjcDASA0nKAhYGjIV4g==
  dependencies:
    "@accelbyte/validator" "0.2.27"
    axios "1.7.7"
    buffer "6.0.3"
    crypto-js "4.2.0"
    platform "1.3.6"
    uuid "8.3.2"
    validator "13.7.0"
    zod "3.23.8"

"@accelbyte/sdk-sessionbrowser@^5.1.0":
  version "5.1.0"
  resolved "https://registry.yarnpkg.com/@accelbyte/sdk-sessionbrowser/-/sdk-sessionbrowser-5.1.0.tgz#6b5ce0753da1156a5aa68ca5517ceb5a0915fc08"
  integrity sha512-qOU2nB7ms6lQYFzq0zFeyXiAN9Ty8ik6pnRCjpmQOKY4+ZoD0uXtVsIi3rDa6vOnHilrlRFxi6tCelu+eDkAwA==
  dependencies:
    "@accelbyte/validator" "0.2.27"
    axios "1.7.7"
    buffer "6.0.3"
    crypto-js "4.2.0"
    platform "1.3.6"
    uuid "8.3.2"
    validator "13.7.0"
    zod "3.23.8"

"@accelbyte/sdk-sessionhistory@^5.1.0":
  version "5.1.0"
  resolved "https://registry.yarnpkg.com/@accelbyte/sdk-sessionhistory/-/sdk-sessionhistory-5.1.0.tgz#432f732b6d0819a7fb297a96d9b0d97787aeb910"
  integrity sha512-R98PTJX2u5IzZMJpAJJRofSJPYNca9qM8Bify1Kc5MBbLlw0rxRF7talFydQLVidNVdfAuMHXUe89dD6zFv8yA==
  dependencies:
    "@accelbyte/validator" "0.2.27"
    axios "1.7.7"
    buffer "6.0.3"
    crypto-js "4.2.0"
    platform "1.3.6"
    uuid "8.3.2"
    validator "13.7.0"
    zod "3.23.8"

"@accelbyte/sdk@0.0.0-rc-20241029073859":
  version "0.0.0-rc-20241029073859"
  resolved "https://registry.yarnpkg.com/@accelbyte/sdk/-/sdk-0.0.0-rc-20241029073859.tgz#16f013aed8ec9e8af1dd07db8342309e40289d3c"
  integrity sha512-Cq2PWctqMP5Y+DkGoF3np3hn/AH6VIY5YapJrrL/ghX/FoNVpLdJprvgD5j5OTG1TppI63Cf7y2xqoT75pHuvw==
  dependencies:
    "@accelbyte/validator" "0.0.0-rc-20241029073859"
    axios "1.7.7"
    buffer "6.0.3"
    crypto-js "4.1.1"
    nanoid "3.1.31"
    platform "1.3.6"
    query-string "7.1.1"
    uuid "8.3.2"
    validator "13.7.0"
    ws "8.18.0"
    zod "3.23.8"

"@accelbyte/validator@0.0.0-rc-20241029073859":
  version "0.0.0-rc-20241029073859"
  resolved "https://registry.yarnpkg.com/@accelbyte/validator/-/validator-0.0.0-rc-20241029073859.tgz#2267553118d7af283cb6f552462d9aa40e187a95"
  integrity sha512-H6ALYatt4pGLd20ecQBsLOMm1VV+VkM1ADlM2/qfrRhZfPn1Du5SlFjVUA5rTV6zSHkYzAaBvdEDsN+N9H206w==
  dependencies:
    naughty-words "1.2.0"
    xregexp "5.1.0"

"@accelbyte/validator@0.2.23":
  version "0.2.23"
  resolved "https://registry.yarnpkg.com/@accelbyte/validator/-/validator-0.2.23.tgz#dc64152ef731603b598073a0c23e7a1a1c910f14"
  integrity sha512-qVBLZEKJ+oru6djlY/O2EjKNRlSSAL4RKbCyczMfb+vTaY1uGJvLvSbdNMg4fKjYtoq812WWD6FWGyGxQJSv9w==
  dependencies:
    naughty-words "1.2.0"
    xregexp "5.1.0"

"@accelbyte/validator@0.2.27":
  version "0.2.27"
  resolved "https://registry.yarnpkg.com/@accelbyte/validator/-/validator-0.2.27.tgz#838a830dfb9524cba2a5e11d66badfba64e0f993"
  integrity sha512-aQJOenBNM79kzF5S02JrN4yfoYPnnwAJuZA1pKSyt5ERVoWR52y1hlxZy6VLxZ5ZJShyOuKDZessNZHDkBqz4Q==
  dependencies:
    naughty-words "1.2.0"
    xregexp "5.1.0"

"@babel/runtime-corejs3@^7.14.9":
  version "7.26.0"
  resolved "https://registry.yarnpkg.com/@babel/runtime-corejs3/-/runtime-corejs3-7.26.0.tgz#5af6bed16073eb4a0191233d61e158a5c768c430"
  integrity sha512-YXHu5lN8kJCb1LOb9PgV6pvak43X2h4HvRApcN5SdWeaItQOzfn1hgP6jasD6KWQyJDBxrVmA9o9OivlnNJK/w==
  dependencies:
    core-js-pure "^3.30.2"
    regenerator-runtime "^0.14.0"

asynckit@^0.4.0:
  version "0.4.0"
  resolved "https://registry.yarnpkg.com/asynckit/-/asynckit-0.4.0.tgz#c79ed97f7f34cb8f2ba1bc9790bcc366474b4b79"
  integrity sha512-Oei9OH4tRh0YqU3GxhX79dM/mwVgvbZJaSNaRk+bshkj0S5cfHcgYakreBjrHwatXKbz+IoIdYLxrKim2MjW0Q==

axios@1.7.7:
  version "1.7.7"
  resolved "https://registry.yarnpkg.com/axios/-/axios-1.7.7.tgz#2f554296f9892a72ac8d8e4c5b79c14a91d0a47f"
  integrity sha512-S4kL7XrjgBmvdGut0sN3yJxqYzrDOnivkBiN0OFs6hLiUam3UPvswUo0kqGyhqUZGEOytHyumEdXsAkgCOUf3Q==
  dependencies:
    follow-redirects "^1.15.6"
    form-data "^4.0.0"
    proxy-from-env "^1.1.0"

base64-js@^1.3.1:
  version "1.5.1"
  resolved "https://registry.yarnpkg.com/base64-js/-/base64-js-1.5.1.tgz#1b1b440160a5bf7ad40b650f095963481903930a"
  integrity sha512-AKpaYlHn8t4SVbOHCy+b5+KKgvR4vrsD8vbvrbiQJps7fKDTkjkDry6ji0rUJjC0kzbNePLwzxq8iypo41qeWA==

buffer@6.0.3:
  version "6.0.3"
  resolved "https://registry.yarnpkg.com/buffer/-/buffer-6.0.3.tgz#2ace578459cc8fbe2a70aaa8f52ee63b6a74c6c6"
  integrity sha512-FTiCpNxtwiZZHEZbcbTIcZjERVICn9yq/pDFkTl95/AxzD1naBctN7YO68riM/gLSDY7sdrMby8hofADYuuqOA==
  dependencies:
    base64-js "^1.3.1"
    ieee754 "^1.2.1"

combined-stream@^1.0.8:
  version "1.0.8"
  resolved "https://registry.yarnpkg.com/combined-stream/-/combined-stream-1.0.8.tgz#c3d45a8b34fd730631a110a8a2520682b31d5a7f"
  integrity sha512-FQN4MRfuJeHf7cBbBMJFXhKSDq+2kAArBlmRBvcvFE5BB1HZKXtSFASDhdlz9zOYwxh8lDdnvmMOe/+5cdoEdg==
  dependencies:
    delayed-stream "~1.0.0"

core-js-pure@^3.30.2:
  version "3.39.0"
  resolved "https://registry.yarnpkg.com/core-js-pure/-/core-js-pure-3.39.0.tgz#aa0d54d70a15bdc13e7c853db87c10abc30d68f3"
  integrity sha512-7fEcWwKI4rJinnK+wLTezeg2smbFFdSBP6E2kQZNbnzM2s1rpKQ6aaRteZSSg7FLU3P0HGGVo/gbpfanU36urg==

crypto-js@4.1.1:
  version "4.1.1"
  resolved "https://registry.yarnpkg.com/crypto-js/-/crypto-js-4.1.1.tgz#9e485bcf03521041bd85844786b83fb7619736cf"
  integrity sha512-o2JlM7ydqd3Qk9CA0L4NL6mTzU2sdx96a+oOfPu8Mkl/PK51vSyoi8/rQ8NknZtk44vq15lmhAj9CIAGwgeWKw==

crypto-js@4.2.0:
  version "4.2.0"
  resolved "https://registry.yarnpkg.com/crypto-js/-/crypto-js-4.2.0.tgz#4d931639ecdfd12ff80e8186dba6af2c2e856631"
  integrity sha512-KALDyEYgpY+Rlob/iriUtjV6d5Eq+Y191A5g4UqLAi8CyGP9N1+FdVbkc1SxKc2r4YAYqG8JzO2KGL+AizD70Q==

decode-uri-component@^0.2.0:
  version "0.2.2"
  resolved "https://registry.yarnpkg.com/decode-uri-component/-/decode-uri-component-0.2.2.tgz#e69dbe25d37941171dd540e024c444cd5188e1e9"
  integrity sha512-FqUYQ+8o158GyGTrMFJms9qh3CqTKvAqgqsTnkLI8sKu0028orqBhxNMFkFen0zGyg6epACD32pjVk58ngIErQ==

delayed-stream@~1.0.0:
  version "1.0.0"
  resolved "https://registry.yarnpkg.com/delayed-stream/-/delayed-stream-1.0.0.tgz#df3ae199acadfb7d440aaae0b29e2272b24ec619"
  integrity sha512-ZySD7Nf91aLB0RxL4KGrKHBXl7Eds1DAmEdcoVawXnLD7SDhpNgtuII2aAkg7a7QS41jxPSZ17p4VdGnMHk3MQ==

dompurify@3.0.5:
  version "3.0.5"
  resolved "https://registry.yarnpkg.com/dompurify/-/dompurify-3.0.5.tgz#eb3d9cfa10037b6e73f32c586682c4b2ab01fbed"
  integrity sha512-F9e6wPGtY+8KNMRAVfxeCOHU0/NPWMSENNq4pQctuXRqqdEPW7q3CrLbR5Nse044WwacyjHGOMlvNsBe1y6z9A==

dotenv@16.0.3:
  version "16.0.3"
  resolved "https://registry.yarnpkg.com/dotenv/-/dotenv-16.0.3.tgz#115aec42bac5053db3c456db30cc243a5a836a07"
  integrity sha512-7GO6HghkA5fYG9TYnNxi14/7K9f5occMlp3zXAuSxn7CKCxt9xbNWG7yF8hTCSUchlfWSe3uLmlPfigevRItzQ==

filter-obj@^1.1.0:
  version "1.1.0"
  resolved "https://registry.yarnpkg.com/filter-obj/-/filter-obj-1.1.0.tgz#9b311112bc6c6127a16e016c6c5d7f19e0805c5b"
  integrity sha512-8rXg1ZnX7xzy2NGDVkBVaAy+lSlPNwad13BtgSlLuxfIslyt5Vg64U7tFcCt4WS1R0hvtnQybT/IyCkGZ3DpXQ==

follow-redirects@^1.15.6:
  version "1.15.9"
  resolved "https://registry.yarnpkg.com/follow-redirects/-/follow-redirects-1.15.9.tgz#a604fa10e443bf98ca94228d9eebcc2e8a2c8ee1"
  integrity sha512-gew4GsXizNgdoRyqmyfMHyAmXsZDk6mHkSxZFCzW9gwlbtOW44CDtYavM+y+72qD/Vq2l550kMF52DT8fOLJqQ==

form-data@^4.0.0:
  version "4.0.1"
  resolved "https://registry.yarnpkg.com/form-data/-/form-data-4.0.1.tgz#ba1076daaaa5bfd7e99c1a6cb02aa0a5cff90d48"
  integrity sha512-tzN8e4TX8+kkxGPK8D5u0FNmjPUjw3lwC9lSLxxoB/+GtsJG91CO8bSWy73APlgAZzZbXEYZJuxjkHH2w+Ezhw==
  dependencies:
    asynckit "^0.4.0"
    combined-stream "^1.0.8"
    mime-types "^2.1.12"

ieee754@^1.2.1:
  version "1.2.1"
  resolved "https://registry.yarnpkg.com/ieee754/-/ieee754-1.2.1.tgz#8eb7a10a63fff25d15a57b001586d177d1b0d352"
  integrity sha512-dcyqhDvX1C46lXZcVqCpK+FtMRQVdIMN6/Df5js2zouUsqG7I6sFxitIC+7KYK29KdXOLHdu9zL4sFnoVQnqaA==

mime-db@1.52.0:
  version "1.52.0"
  resolved "https://registry.yarnpkg.com/mime-db/-/mime-db-1.52.0.tgz#bbabcdc02859f4987301c856e3387ce5ec43bf70"
  integrity sha512-sPU4uV7dYlvtWJxwwxHD0PuihVNiE7TyAbQ5SWxDCB9mUYvOgroQOwYQQOKPJ8CIbE+1ETVlOoK1UC2nU3gYvg==

mime-types@^2.1.12:
  version "2.1.35"
  resolved "https://registry.yarnpkg.com/mime-types/-/mime-types-2.1.35.tgz#381a871b62a734450660ae3deee44813f70d959a"
  integrity sha512-ZDY+bPm5zTTF+YpCrAU9nK0UgICYPT0QtT1NZWFv4s++TNkcgVaT0g6+4R2uI4MjQjzysHB1zxuWL50hzaeXiw==
  dependencies:
    mime-db "1.52.0"

nanoid@3.1.31:
  version "3.1.31"
  resolved "https://registry.yarnpkg.com/nanoid/-/nanoid-3.1.31.tgz#f5b58a1ce1b7604da5f0605757840598d8974dc6"
  integrity sha512-ZivnJm0o9bb13p2Ot5CpgC2rQdzB9Uxm/mFZweqm5eMViqOJe3PV6LU2E30SiLgheesmcPrjquqraoolONSA0A==

naughty-words@1.2.0:
  version "1.2.0"
  resolved "https://registry.yarnpkg.com/naughty-words/-/naughty-words-1.2.0.tgz#255f60bad94b430fb1216d05a3f4eec3e1061d64"
  integrity sha512-0iadX6fN+3NsfvIRtWmmpEX9VsoIQ6n9FwyIxmew9w5yzFNqMgs/Ky0eAC/z5xXSHtqlVoByiovdROikwH9SXQ==

platform@1.3.6:
  version "1.3.6"
  resolved "https://registry.yarnpkg.com/platform/-/platform-1.3.6.tgz#48b4ce983164b209c2d45a107adb31f473a6e7a7"
  integrity sha512-fnWVljUchTro6RiCFvCXBbNhJc2NijN7oIQxbwsyL0buWJPG85v81ehlHI9fXrJsMNgTofEoWIQeClKpgxFLrg==

proxy-from-env@^1.1.0:
  version "1.1.0"
  resolved "https://registry.yarnpkg.com/proxy-from-env/-/proxy-from-env-1.1.0.tgz#e102f16ca355424865755d2c9e8ea4f24d58c3e2"
  integrity sha512-D+zkORCbA9f1tdWRK0RaCR3GPv50cMxcrz4X8k5LTSUD1Dkw47mKJEZQNunItRTkWwgtaUSo1RVFRIG9ZXiFYg==

query-string@7.1.1:
  version "7.1.1"
  resolved "https://registry.yarnpkg.com/query-string/-/query-string-7.1.1.tgz#754620669db978625a90f635f12617c271a088e1"
  integrity sha512-MplouLRDHBZSG9z7fpuAAcI7aAYjDLhtsiVZsevsfaHWDS2IDdORKbSd1kWUA+V4zyva/HZoSfpwnYMMQDhb0w==
  dependencies:
    decode-uri-component "^0.2.0"
    filter-obj "^1.1.0"
    split-on-first "^1.0.0"
    strict-uri-encode "^2.0.0"

regenerator-runtime@^0.14.0:
  version "0.14.1"
  resolved "https://registry.yarnpkg.com/regenerator-runtime/-/regenerator-runtime-0.14.1.tgz#356ade10263f685dda125100cd862c1db895327f"
  integrity sha512-dYnhHh0nJoMfnkZs6GmmhFknAGRrLznOu5nc9ML+EJxGvrx6H7teuevqVqCuPcPK//3eDrrjQhehXVx9cnkGdw==

split-on-first@^1.0.0:
  version "1.1.0"
  resolved "https://registry.yarnpkg.com/split-on-first/-/split-on-first-1.1.0.tgz#f610afeee3b12bce1d0c30425e76398b78249a5f"
  integrity sha512-43ZssAJaMusuKWL8sKUBQXHWOpq8d6CfN/u1p4gUzfJkM05C8rxTmYrkIPTXapZpORA6LkkzcUulJ8FqA7Uudw==

strict-uri-encode@^2.0.0:
  version "2.0.0"
  resolved "https://registry.yarnpkg.com/strict-uri-encode/-/strict-uri-encode-2.0.0.tgz#b9c7330c7042862f6b142dc274bbcc5866ce3546"
  integrity sha512-QwiXZgpRcKkhTj2Scnn++4PKtWsH0kpzZ62L2R6c/LUVYv7hVnZqcg2+sMuT6R7Jusu1vviK/MFsu6kNJfWlEQ==

uuid@8.3.2:
  version "8.3.2"
  resolved "https://registry.yarnpkg.com/uuid/-/uuid-8.3.2.tgz#80d5b5ced271bb9af6c445f21a1a04c606cefbe2"
  integrity sha512-+NYs2QeMWy+GWFOEm9xnn6HCDp0l7QBD7ml8zLUmJ+93Q5NF0NocErnwkTkXVFNiX3/fpC6afS8Dhb/gz7R7eg==

validator@13.7.0:
  version "13.7.0"
  resolved "https://registry.yarnpkg.com/validator/-/validator-13.7.0.tgz#4f9658ba13ba8f3d82ee881d3516489ea85c0857"
  integrity sha512-nYXQLCBkpJ8X6ltALua9dRrZDHVYxjJ1wgskNt1lH9fzGjs3tgojGSCBjmEPwkWS1y29+DrizMTW19Pr9uB2nw==

ws@8.18.0:
  version "8.18.0"
  resolved "https://registry.yarnpkg.com/ws/-/ws-8.18.0.tgz#0d7505a6eafe2b0e712d232b42279f53bc289bbc"
  integrity sha512-8VbfWfHLbbwu3+N6OKsOMpBdT4kXPDDB9cJk2bJ6mh9ucxdlnNvH1e+roYkKmN9Nxw2yjz7VzeO9oOz2zJ04Pw==

xregexp@5.1.0:
  version "5.1.0"
  resolved "https://registry.yarnpkg.com/xregexp/-/xregexp-5.1.0.tgz#c87e7ae5ffa5fdc520f898a467dcba02b0d391e9"
  integrity sha512-PynwUWtXnSZr8tpQlDPMZfPTyv78EYuA4oI959ukxcQ0a9O/lvndLVKy5wpImzzA26eMxpZmnAXJYiQA13AtWA==
  dependencies:
    "@babel/runtime-corejs3" "^7.14.9"

zod@3.23.8:
  version "3.23.8"
  resolved "https://registry.yarnpkg.com/zod/-/zod-3.23.8.tgz#e37b957b5d52079769fb8097099b592f0ef4067d"
  integrity sha512-XBx9AXhXktjUqnepgTiE5flcKIYWi/rme0Eaj+5Y0lftuGBq+jyRu/md4WnuxqgP1ubdpNCsYEYPxrzVHD8d6g==
